
Microsoft Visual Studio Solution File, Format Version 12.00
# Visual Studio Version 17
VisualStudioVersion = 17.13.35919.96 d17.13
MinimumVisualStudioVersion = 10.0.40219.1
Project("{FAE04EC0-301F-11D3-BF4B-00C04F79EFBC}") = "Prog6221_part_1", "Prog6221_part_1.csproj", "{51785F73-FBF4-4542-9773-23FAC8E54FC7}"
EndProject
Global
	GlobalSection(SolutionConfigurationPlatforms) = preSolution
		Debug|Any CPU = Debug|Any CPU
		Release|Any CPU = Release|Any CPU
	EndGlobalSection
	GlobalSection(ProjectConfigurationPlatforms) = postSolution
		{51785F73-FBF4-4542-9773-23FAC8E54FC7}.Debug|Any CPU.ActiveCfg = Debug|Any CPU
		{51785F73-FBF4-4542-9773-23FAC8E54FC7}.Debug|Any CPU.Build.0 = Debug|Any CPU
		{51785F73-FBF4-4542-9773-23FAC8E54FC7}.Release|Any CPU.ActiveCfg = Release|Any CPU
		{51785F73-FBF4-4542-9773-23FAC8E54FC7}.Release|Any CPU.Build.0 = Release|Any CPU
	EndGlobalSection
	GlobalSection(SolutionProperties) = preSolution
		HideSolutionNode = FALSE
	EndGlobalSection
	GlobalSection(ExtensibilityGlobals) = postSolution
		SolutionGuid = {EB595255-B809-40F5-96B7-7714E2CEB7D7}
	EndGlobalSection
EndGlobal
